
Microsoft Visual Studio Solution File, Format Version 12.00
# Visual Studio Version 17
VisualStudioVersion = 17.2.32616.157
MinimumVisualStudioVersion = 10.0.40219.1
Project("{FAE04EC0-301F-11D3-BF4B-00C04F79EFBC}") = "ApiGateway", "ApiGateway.csproj", "{EC663CC6-8A96-4D01-81D5-89DDD4DFFF1C}"
EndProject
Global
	GlobalSection(SolutionConfigurationPlatforms) = preSolution
		Debug|Any CPU = Debug|Any CPU
		Release|Any CPU = Release|Any CPU
	EndGlobalSection
	GlobalSection(ProjectConfigurationPlatforms) = postSolution
		{EC663CC6-8A96-4D01-81D5-89DDD4DFFF1C}.Debug|Any CPU.ActiveCfg = Debug|Any CPU
		{EC663CC6-8A96-4D01-81D5-89DDD4DFFF1C}.Debug|Any CPU.Build.0 = Debug|Any CPU
		{EC663CC6-8A96-4D01-81D5-89DDD4DFFF1C}.Release|Any CPU.ActiveCfg = Release|Any CPU
		{EC663CC6-8A96-4D01-81D5-89DDD4DFFF1C}.Release|Any CPU.Build.0 = Release|Any CPU
	EndGlobalSection
	GlobalSection(SolutionProperties) = preSolution
		HideSolutionNode = FALSE
	EndGlobalSection
	GlobalSection(ExtensibilityGlobals) = postSolution
		SolutionGuid = {50A190AD-7E84-4438-99FA-92B2FD79BA0E}
	EndGlobalSection
EndGlobal
